
Microsoft Visual Studio Solution File, Format Version 12.00
# Visual Studio Version 17
VisualStudioVersion = 17.0.31903.59
MinimumVisualStudioVersion = 10.0.40219.1
Project("{2150E333-8FDC-42A3-9474-1A3956D46DE8}") = "src", "src", "{827E0CD3-B72D-47B6-A68D-7590B98EB39B}"
EndProject
Project("{FAE04EC0-301F-11D3-BF4B-00C04F79EFBC}") = "NFK.API", "src\NFK.API\NFK.API.csproj", "{018E281D-5670-44FC-80E9-8F5014AF20CC}"
EndProject
Project("{FAE04EC0-301F-11D3-BF4B-00C04F79EFBC}") = "NFK.Application", "src\NFK.Application\NFK.Application.csproj", "{287E3221-2A67-4F5B-ADC4-76CCBC51CBCC}"
EndProject
Project("{FAE04EC0-301F-11D3-BF4B-00C04F79EFBC}") = "NFK.Domain", "src\NFK.Domain\NFK.Domain.csproj", "{BD9F23AE-E198-4FFA-B562-E4257F746746}"
EndProject
Project("{FAE04EC0-301F-11D3-BF4B-00C04F79EFBC}") = "NFK.Infrastructure", "src\NFK.Infrastructure\NFK.Infrastructure.csproj", "{9BBAE225-E238-4CB1-A17C-3EF4806E8107}"
EndProject
Project("{FAE04EC0-301F-11D3-BF4B-00C04F79EFBC}") = "NFK.Shared", "src\NFK.Shared\NFK.Shared.csproj", "{A08029DA-B6D9-406C-B469-B11033303F37}"
EndProject
Global
	GlobalSection(SolutionConfigurationPlatforms) = preSolution
		Debug|Any CPU = Debug|Any CPU
		Debug|x64 = Debug|x64
		Debug|x86 = Debug|x86
		Release|Any CPU = Release|Any CPU
		Release|x64 = Release|x64
		Release|x86 = Release|x86
	EndGlobalSection
	GlobalSection(ProjectConfigurationPlatforms) = postSolution
		{018E281D-5670-44FC-80E9-8F5014AF20CC}.Debug|Any CPU.ActiveCfg = Debug|Any CPU
		{018E281D-5670-44FC-80E9-8F5014AF20CC}.Debug|Any CPU.Build.0 = Debug|Any CPU
		{018E281D-5670-44FC-80E9-8F5014AF20CC}.Debug|x64.ActiveCfg = Debug|Any CPU
		{018E281D-5670-44FC-80E9-8F5014AF20CC}.Debug|x64.Build.0 = Debug|Any CPU
		{018E281D-5670-44FC-80E9-8F5014AF20CC}.Debug|x86.ActiveCfg = Debug|Any CPU
		{018E281D-5670-44FC-80E9-8F5014AF20CC}.Debug|x86.Build.0 = Debug|Any CPU
		{018E281D-5670-44FC-80E9-8F5014AF20CC}.Release|Any CPU.ActiveCfg = Release|Any CPU
		{018E281D-5670-44FC-80E9-8F5014AF20CC}.Release|Any CPU.Build.0 = Release|Any CPU
		{018E281D-5670-44FC-80E9-8F5014AF20CC}.Release|x64.ActiveCfg = Release|Any CPU
		{018E281D-5670-44FC-80E9-8F5014AF20CC}.Release|x64.Build.0 = Release|Any CPU
		{018E281D-5670-44FC-80E9-8F5014AF20CC}.Release|x86.ActiveCfg = Release|Any CPU
		{018E281D-5670-44FC-80E9-8F5014AF20CC}.Release|x86.Build.0 = Release|Any CPU
		{287E3221-2A67-4F5B-ADC4-76CCBC51CBCC}.Debug|Any CPU.ActiveCfg = Debug|Any CPU
		{287E3221-2A67-4F5B-ADC4-76CCBC51CBCC}.Debug|Any CPU.Build.0 = Debug|Any CPU
		{287E3221-2A67-4F5B-ADC4-76CCBC51CBCC}.Debug|x64.ActiveCfg = Debug|Any CPU
		{287E3221-2A67-4F5B-ADC4-76CCBC51CBCC}.Debug|x64.Build.0 = Debug|Any CPU
		{287E3221-2A67-4F5B-ADC4-76CCBC51CBCC}.Debug|x86.ActiveCfg = Debug|Any CPU
		{287E3221-2A67-4F5B-ADC4-76CCBC51CBCC}.Debug|x86.Build.0 = Debug|Any CPU
		{287E3221-2A67-4F5B-ADC4-76CCBC51CBCC}.Release|Any CPU.ActiveCfg = Release|Any CPU
		{287E3221-2A67-4F5B-ADC4-76CCBC51CBCC}.Release|Any CPU.Build.0 = Release|Any CPU
		{287E3221-2A67-4F5B-ADC4-76CCBC51CBCC}.Release|x64.ActiveCfg = Release|Any CPU
		{287E3221-2A67-4F5B-ADC4-76CCBC51CBCC}.Release|x64.Build.0 = Release|Any CPU
		{287E3221-2A67-4F5B-ADC4-76CCBC51CBCC}.Release|x86.ActiveCfg = Release|Any CPU
		{287E3221-2A67-4F5B-ADC4-76CCBC51CBCC}.Release|x86.Build.0 = Release|Any CPU
		{BD9F23AE-E198-4FFA-B562-E4257F746746}.Debug|Any CPU.ActiveCfg = Debug|Any CPU
		{BD9F23AE-E198-4FFA-B562-E4257F746746}.Debug|Any CPU.Build.0 = Debug|Any CPU
		{BD9F23AE-E198-4FFA-B562-E4257F746746}.Debug|x64.ActiveCfg = Debug|Any CPU
		{BD9F23AE-E198-4FFA-B562-E4257F746746}.Debug|x64.Build.0 = Debug|Any CPU
		{BD9F23AE-E198-4FFA-B562-E4257F746746}.Debug|x86.ActiveCfg = Debug|Any CPU
		{BD9F23AE-E198-4FFA-B562-E4257F746746}.Debug|x86.Build.0 = Debug|Any CPU
		{BD9F23AE-E198-4FFA-B562-E4257F746746}.Release|Any CPU.ActiveCfg = Release|Any CPU
		{BD9F23AE-E198-4FFA-B562-E4257F746746}.Release|Any CPU.Build.0 = Release|Any CPU
		{BD9F23AE-E198-4FFA-B562-E4257F746746}.Release|x64.ActiveCfg = Release|Any CPU
		{BD9F23AE-E198-4FFA-B562-E4257F746746}.Release|x64.Build.0 = Release|Any CPU
		{BD9F23AE-E198-4FFA-B562-E4257F746746}.Release|x86.ActiveCfg = Release|Any CPU
		{BD9F23AE-E198-4FFA-B562-E4257F746746}.Release|x86.Build.0 = Release|Any CPU
		{9BBAE225-E238-4CB1-A17C-3EF4806E8107}.Debug|Any CPU.ActiveCfg = Debug|Any CPU
		{9BBAE225-E238-4CB1-A17C-3EF4806E8107}.Debug|Any CPU.Build.0 = Debug|Any CPU
		{9BBAE225-E238-4CB1-A17C-3EF4806E8107}.Debug|x64.ActiveCfg = Debug|Any CPU
		{9BBAE225-E238-4CB1-A17C-3EF4806E8107}.Debug|x64.Build.0 = Debug|Any CPU
		{9BBAE225-E238-4CB1-A17C-3EF4806E8107}.Debug|x86.ActiveCfg = Debug|Any CPU
		{9BBAE225-E238-4CB1-A17C-3EF4806E8107}.Debug|x86.Build.0 = Debug|Any CPU
		{9BBAE225-E238-4CB1-A17C-3EF4806E8107}.Release|Any CPU.ActiveCfg = Release|Any CPU
		{9BBAE225-E238-4CB1-A17C-3EF4806E8107}.Release|Any CPU.Build.0 = Release|Any CPU
		{9BBAE225-E238-4CB1-A17C-3EF4806E8107}.Release|x64.ActiveCfg = Release|Any CPU
		{9BBAE225-E238-4CB1-A17C-3EF4806E8107}.Release|x64.Build.0 = Release|Any CPU
		{9BBAE225-E238-4CB1-A17C-3EF4806E8107}.Release|x86.ActiveCfg = Release|Any CPU
		{9BBAE225-E238-4CB1-A17C-3EF4806E8107}.Release|x86.Build.0 = Release|Any CPU
		{A08029DA-B6D9-406C-B469-B11033303F37}.Debug|Any CPU.ActiveCfg = Debug|Any CPU
		{A08029DA-B6D9-406C-B469-B11033303F37}.Debug|Any CPU.Build.0 = Debug|Any CPU
		{A08029DA-B6D9-406C-B469-B11033303F37}.Debug|x64.ActiveCfg = Debug|Any CPU
		{A08029DA-B6D9-406C-B469-B11033303F37}.Debug|x64.Build.0 = Debug|Any CPU
		{A08029DA-B6D9-406C-B469-B11033303F37}.Debug|x86.ActiveCfg = Debug|Any CPU
		{A08029DA-B6D9-406C-B469-B11033303F37}.Debug|x86.Build.0 = Debug|Any CPU
		{A08029DA-B6D9-406C-B469-B11033303F37}.Release|Any CPU.ActiveCfg = Release|Any CPU
		{A08029DA-B6D9-406C-B469-B11033303F37}.Release|Any CPU.Build.0 = Release|Any CPU
		{A08029DA-B6D9-406C-B469-B11033303F37}.Release|x64.ActiveCfg = Release|Any CPU
		{A08029DA-B6D9-406C-B469-B11033303F37}.Release|x64.Build.0 = Release|Any CPU
		{A08029DA-B6D9-406C-B469-B11033303F37}.Release|x86.ActiveCfg = Release|Any CPU
		{A08029DA-B6D9-406C-B469-B11033303F37}.Release|x86.Build.0 = Release|Any CPU
	EndGlobalSection
	GlobalSection(SolutionProperties) = preSolution
		HideSolutionNode = FALSE
	EndGlobalSection
	GlobalSection(NestedProjects) = preSolution
		{018E281D-5670-44FC-80E9-8F5014AF20CC} = {827E0CD3-B72D-47B6-A68D-7590B98EB39B}
		{287E3221-2A67-4F5B-ADC4-76CCBC51CBCC} = {827E0CD3-B72D-47B6-A68D-7590B98EB39B}
		{BD9F23AE-E198-4FFA-B562-E4257F746746} = {827E0CD3-B72D-47B6-A68D-7590B98EB39B}
		{9BBAE225-E238-4CB1-A17C-3EF4806E8107} = {827E0CD3-B72D-47B6-A68D-7590B98EB39B}
		{A08029DA-B6D9-406C-B469-B11033303F37} = {827E0CD3-B72D-47B6-A68D-7590B98EB39B}
	EndGlobalSection
EndGlobal
